# Generated by buf. DO NOT EDIT.
version: v2
deps:
  - name: buf.build/alta/protopatch
    commit: cf22509f2c224a358bb5e749aa029444
    digest: b5:4d31fce06011dd4996c55de9ef8a9352770bdff014b102cd8aeee1df67536112f4f2df142172bc0927b3b1c9ca5dcb3d1c8974b900958dc21b2aa6d4ab931f47
  - name: buf.build/cludden/protoc-gen-go-temporal
    commit: c430c1be6f3a4c58804b46dd6c4589d2
    digest: b5:a557bfacf8b73ccca8b112b1fc38be1aacb9faabc0e1878a02a8c76b6cb7d71af15142ce84b839310e97b661d4cc472d1c0ad8920ae0c6f4301822ed447d928a
  - name: buf.build/envoyproxy/protoc-gen-validate
    commit: daf171c6cdb54629b5f51e345a79e4dd
    digest: b5:c745e1521879f43740230b1df673d0729f55704efefdcfc489d4a0a2d40c92a26cacfeab62813403040a8b180142d53b398c7ca784a065e43823605ee49681de
  - name: buf.build/googleapis/googleapis
    commit: 004180b77378443887d3b55cabc00384
    digest: b5:e8f475fe3330f31f5fd86ac689093bcd274e19611a09db91f41d637cb9197881ce89882b94d13a58738e53c91c6e4bae7dc1feba85f590164c975a89e25115dc
  - name: buf.build/temporalio/api
    commit: 7a52cb0e8e0f4ebba6b6f7b74727ff9d
    digest: b5:44ad65d171c4e08e7773fb4cea8b30e122bb3ef21e3acf5f66554a6b2081d1876468afa28cbe8021dae5c2d9907d71f3c08c143e09ca54db295fc423a84b2bda
