# Generated by buf. DO NOT EDIT.
version: v2
deps:
  - name: buf.build/alta/protopatch
    commit: cf22509f2c224a358bb5e749aa029444
    digest: b5:4d31fce06011dd4996c55de9ef8a9352770bdff014b102cd8aeee1df67536112f4f2df142172bc0927b3b1c9ca5dcb3d1c8974b900958dc21b2aa6d4ab931f47
  - name: buf.build/cludden/protoc-gen-go-temporal
    commit: 81eb66e24ea5484ab4eb3564700e0b56
    digest: b5:0e11fa3310835d17d6ebdee90647163a1549ba669f54506a79a8f4c13a923bf051040032452b427b5e77266aa8481ea9df5bca268bc0b04f6c4861af4e5833d0
  - name: buf.build/envoyproxy/protoc-gen-validate
    commit: daf171c6cdb54629b5f51e345a79e4dd
    digest: b5:c745e1521879f43740230b1df673d0729f55704efefdcfc489d4a0a2d40c92a26cacfeab62813403040a8b180142d53b398c7ca784a065e43823605ee49681de
