# Generated by buf. DO NOT EDIT.
version: v1
deps:
  - remote: buf.build
    owner: cludden
    repository: protoc-gen-go-temporal
    commit: a1a1ba7e748a48e88252e5c15311c60d
    digest: shake256:6fba24967847225749ce1731771145dde89c72d9948d6328794277c354a277c561cb0a60f548ce8f698363be245634de94a7cac10842e1533d1de9ad0bb81953
  - remote: buf.build
    owner: googleapis
    repository: googleapis
    commit: cc916c31859748a68fd229a3c8d7a2e8
    digest: shake256:469b049d0eb04203d5272062636c078decefc96fec69739159c25d85349c50c34c7706918a8b216c5c27f76939df48452148cff8c5c3ae77fa6ba5c25c1b8bf8
